
Microsoft Visual Studio Solution File, Format Version 12.00
# Visual Studio Version 16
VisualStudioVersion = 16.0.30128.74
MinimumVisualStudioVersion = 10.0.40219.1
Project("{FAE04EC0-301F-11D3-BF4B-00C04F79EFBC}") = "PaymentDeepLink", "PaymentDeepLink\PaymentDeepLink.csproj", "{5B35E025-8B98-44DA-BA93-F5F33C186A60}"
EndProject
Project("{FAE04EC0-301F-11D3-BF4B-00C04F79EFBC}") = "PaymentDeeplinkDemo", "PaymentDeeplinkDemo\PaymentDeeplinkDemo.csproj", "{82BD41EA-6679-462C-93DE-CD0ADDB5EAF7}"
EndProject
Global
	GlobalSection(SolutionConfigurationPlatforms) = preSolution
		Debug|Any CPU = Debug|Any CPU
		Release|Any CPU = Release|Any CPU
	EndGlobalSection
	GlobalSection(ProjectConfigurationPlatforms) = postSolution
		{5B35E025-8B98-44DA-BA93-F5F33C186A60}.Debug|Any CPU.ActiveCfg = Debug|Any CPU
		{5B35E025-8B98-44DA-BA93-F5F33C186A60}.Debug|Any CPU.Build.0 = Debug|Any CPU
		{5B35E025-8B98-44DA-BA93-F5F33C186A60}.Release|Any CPU.ActiveCfg = Release|Any CPU
		{5B35E025-8B98-44DA-BA93-F5F33C186A60}.Release|Any CPU.Build.0 = Release|Any CPU
		{82BD41EA-6679-462C-93DE-CD0ADDB5EAF7}.Debug|Any CPU.ActiveCfg = Debug|Any CPU
		{82BD41EA-6679-462C-93DE-CD0ADDB5EAF7}.Debug|Any CPU.Build.0 = Debug|Any CPU
		{82BD41EA-6679-462C-93DE-CD0ADDB5EAF7}.Debug|Any CPU.Deploy.0 = Debug|Any CPU
		{82BD41EA-6679-462C-93DE-CD0ADDB5EAF7}.Release|Any CPU.ActiveCfg = Release|Any CPU
		{82BD41EA-6679-462C-93DE-CD0ADDB5EAF7}.Release|Any CPU.Build.0 = Release|Any CPU
		{82BD41EA-6679-462C-93DE-CD0ADDB5EAF7}.Release|Any CPU.Deploy.0 = Release|Any CPU
	EndGlobalSection
	GlobalSection(SolutionProperties) = preSolution
		HideSolutionNode = FALSE
	EndGlobalSection
	GlobalSection(ExtensibilityGlobals) = postSolution
		SolutionGuid = {A20CAC7B-6B85-4E28-AD59-B09A556CACD3}
	EndGlobalSection
EndGlobal
